
Microsoft Visual Studio Solution File, Format Version 12.00
# Visual Studio Version 17
VisualStudioVersion = 17.7.34024.191
MinimumVisualStudioVersion = 10.0.40219.1
Project("{FAE04EC0-301F-11D3-BF4B-00C04F79EFBC}") = "Kalkulator", "Kalkulator\Kalkulator.csproj", "{D719C4B5-D590-4463-ABA3-58FA42D948AF}"
EndProject
Global
	GlobalSection(SolutionConfigurationPlatforms) = preSolution
		Debug|Any CPU = Debug|Any CPU
		Release|Any CPU = Release|Any CPU
	EndGlobalSection
	GlobalSection(ProjectConfigurationPlatforms) = postSolution
		{D719C4B5-D590-4463-ABA3-58FA42D948AF}.Debug|Any CPU.ActiveCfg = Debug|Any CPU
		{D719C4B5-D590-4463-ABA3-58FA42D948AF}.Debug|Any CPU.Build.0 = Debug|Any CPU
		{D719C4B5-D590-4463-ABA3-58FA42D948AF}.Release|Any CPU.ActiveCfg = Release|Any CPU
		{D719C4B5-D590-4463-ABA3-58FA42D948AF}.Release|Any CPU.Build.0 = Release|Any CPU
	EndGlobalSection
	GlobalSection(SolutionProperties) = preSolution
		HideSolutionNode = FALSE
	EndGlobalSection
	GlobalSection(ExtensibilityGlobals) = postSolution
		SolutionGuid = {E1E93F6C-B945-46B5-9B0E-032A0844A7D5}
	EndGlobalSection
EndGlobal
